
Microsoft Visual Studio Solution File, Format Version 12.00
# Visual Studio Version 17
VisualStudioVersion = 17.14.36408.4 d17.14
MinimumVisualStudioVersion = 10.0.40219.1
Project("{54A90642-561A-4BB1-A94E-469ADEE60C69}") = "StellarEve.Client", "StellarEve.Client.esproj", "{E7A410CF-EEC5-003D-95D8-2D38B7010BFB}"
EndProject
Global
	GlobalSection(SolutionConfigurationPlatforms) = preSolution
		Debug|Any CPU = Debug|Any CPU
		Release|Any CPU = Release|Any CPU
	EndGlobalSection
	GlobalSection(ProjectConfigurationPlatforms) = postSolution
		{E7A410CF-EEC5-003D-95D8-2D38B7010BFB}.Debug|Any CPU.ActiveCfg = Debug|Any CPU
		{E7A410CF-EEC5-003D-95D8-2D38B7010BFB}.Debug|Any CPU.Build.0 = Debug|Any CPU
		{E7A410CF-EEC5-003D-95D8-2D38B7010BFB}.Debug|Any CPU.Deploy.0 = Debug|Any CPU
		{E7A410CF-EEC5-003D-95D8-2D38B7010BFB}.Release|Any CPU.ActiveCfg = Release|Any CPU
		{E7A410CF-EEC5-003D-95D8-2D38B7010BFB}.Release|Any CPU.Build.0 = Release|Any CPU
		{E7A410CF-EEC5-003D-95D8-2D38B7010BFB}.Release|Any CPU.Deploy.0 = Release|Any CPU
	EndGlobalSection
	GlobalSection(SolutionProperties) = preSolution
		HideSolutionNode = FALSE
	EndGlobalSection
	GlobalSection(ExtensibilityGlobals) = postSolution
		SolutionGuid = {DDC763DC-C128-4402-9925-2EDBD437AE22}
	EndGlobalSection
EndGlobal
